// !$*UTF8*$!
{
	archiveVersion = 1;
	classes = {
	};
	objectVersion = 56;
	objects = {

/* Begin PBXBuildFile section */
		4F0282BF29D56DEE0004C290 /* SwiftUI_DataFlow_App.swift in Sources */ = {isa = PBXBuildFile; fileRef = 4F0282BE29D56DEE0004C290 /* SwiftUI_DataFlow_App.swift */; };
		4F0282C129D56DEE0004C290 /* PlayerStateView.swift in Sources */ = {isa = PBXBuildFile; fileRef = 4F0282C029D56DEE0004C290 /* PlayerStateView.swift */; };
		4F0282C329D56DEF0004C290 /* Assets.xcassets in Resources */ = {isa = PBXBuildFile; fileRef = 4F0282C229D56DEF0004C290 /* Assets.xcassets */; };
		4F0282C629D56DEF0004C290 /* Preview Assets.xcassets in Resources */ = {isa = PBXBuildFile; fileRef = 4F0282C529D56DEF0004C290 /* Preview Assets.xcassets */; };
		4F0282D029D56DEF0004C290 /* SwiftUI_DataFlow_Tests.swift in Sources */ = {isa = PBXBuildFile; fileRef = 4F0282CF29D56DEF0004C290 /* SwiftUI_DataFlow_Tests.swift */; };
		4F0282DA29D56DEF0004C290 /* SwiftUI_DataFlow_UITests.swift in Sources */ = {isa = PBXBuildFile; fileRef = 4F0282D929D56DEF0004C290 /* SwiftUI_DataFlow_UITests.swift */; };
		4F0282DC29D56DEF0004C290 /* SwiftUI_DataFlow_UITestsLaunchTests.swift in Sources */ = {isa = PBXBuildFile; fileRef = 4F0282DB29D56DEF0004C290 /* SwiftUI_DataFlow_UITestsLaunchTests.swift */; };
		4F0282EA29D56E920004C290 /* PlayerBindingView.swift in Sources */ = {isa = PBXBuildFile; fileRef = 4F0282E929D56E920004C290 /* PlayerBindingView.swift */; };
		4F0282EC29D56EE60004C290 /* PlayerNameBindingView.swift in Sources */ = {isa = PBXBuildFile; fileRef = 4F0282EB29D56EE60004C290 /* PlayerNameBindingView.swift */; };
		4F0282EF29D570BE0004C290 /* BankAccount.swift in Sources */ = {isa = PBXBuildFile; fileRef = 4F0282EE29D570BE0004C290 /* BankAccount.swift */; };
		4F0282F129D571040004C290 /* BankSummaryView.swift in Sources */ = {isa = PBXBuildFile; fileRef = 4F0282F029D571040004C290 /* BankSummaryView.swift */; };
		4F0282F329D571100004C290 /* BankBalanceView.swift in Sources */ = {isa = PBXBuildFile; fileRef = 4F0282F229D571100004C290 /* BankBalanceView.swift */; };
		4F0282F629D5726B0004C290 /* DashboardView.swift in Sources */ = {isa = PBXBuildFile; fileRef = 4F0282F529D5726B0004C290 /* DashboardView.swift */; };
		4F0282F829D572C30004C290 /* BankUserNameView.swift in Sources */ = {isa = PBXBuildFile; fileRef = 4F0282F729D572C30004C290 /* BankUserNameView.swift */; };
/* End PBXBuildFile section */

/* Begin PBXContainerItemProxy section */
		4F0282CC29D56DEF0004C290 /* PBXContainerItemProxy */ = {
			isa = PBXContainerItemProxy;
			containerPortal = 4F0282B329D56DEE0004C290 /* Project object */;
			proxyType = 1;
			remoteGlobalIDString = 4F0282BA29D56DEE0004C290;
			remoteInfo = SwiftUI_DataFlow_;
		};
		4F0282D629D56DEF0004C290 /* PBXContainerItemProxy */ = {
			isa = PBXContainerItemProxy;
			containerPortal = 4F0282B329D56DEE0004C290 /* Project object */;
			proxyType = 1;
			remoteGlobalIDString = 4F0282BA29D56DEE0004C290;
			remoteInfo = SwiftUI_DataFlow_;
		};
/* End PBXContainerItemProxy section */

/* Begin PBXFileReference section */
		4F0282BB29D56DEE0004C290 /* SwiftUI_DataFlow_.app */ = {isa = PBXFileReference; explicitFileType = wrapper.application; includeInIndex = 0; path = SwiftUI_DataFlow_.app; sourceTree = BUILT_PRODUCTS_DIR; };
		4F0282BE29D56DEE0004C290 /* SwiftUI_DataFlow_App.swift */ = {isa = PBXFileReference; lastKnownFileType = sourcecode.swift; path = SwiftUI_DataFlow_App.swift; sourceTree = "<group>"; };
		4F0282C029D56DEE0004C290 /* PlayerStateView.swift */ = {isa = PBXFileReference; lastKnownFileType = sourcecode.swift; path = PlayerStateView.swift; sourceTree = "<group>"; };
		4F0282C229D56DEF0004C290 /* Assets.xcassets */ = {isa = PBXFileReference; lastKnownFileType = folder.assetcatalog; path = Assets.xcassets; sourceTree = "<group>"; };
		4F0282C529D56DEF0004C290 /* Preview Assets.xcassets */ = {isa = PBXFileReference; lastKnownFileType = folder.assetcatalog; path = "Preview Assets.xcassets"; sourceTree = "<group>"; };
		4F0282CB29D56DEF0004C290 /* SwiftUI_DataFlow_Tests.xctest */ = {isa = PBXFileReference; explicitFileType = wrapper.cfbundle; includeInIndex = 0; path = SwiftUI_DataFlow_Tests.xctest; sourceTree = BUILT_PRODUCTS_DIR; };
		4F0282CF29D56DEF0004C290 /* SwiftUI_DataFlow_Tests.swift */ = {isa = PBXFileReference; lastKnownFileType = sourcecode.swift; path = SwiftUI_DataFlow_Tests.swift; sourceTree = "<group>"; };
		4F0282D529D56DEF0004C290 /* SwiftUI_DataFlow_UITests.xctest */ = {isa = PBXFileReference; explicitFileType = wrapper.cfbundle; includeInIndex = 0; path = SwiftUI_DataFlow_UITests.xctest; sourceTree = BUILT_PRODUCTS_DIR; };
		4F0282D929D56DEF0004C290 /* SwiftUI_DataFlow_UITests.swift */ = {isa = PBXFileReference; lastKnownFileType = sourcecode.swift; path = SwiftUI_DataFlow_UITests.swift; sourceTree = "<group>"; };
		4F0282DB29D56DEF0004C290 /* SwiftUI_DataFlow_UITestsLaunchTests.swift */ = {isa = PBXFileReference; lastKnownFileType = sourcecode.swift; path = SwiftUI_DataFlow_UITestsLaunchTests.swift; sourceTree = "<group>"; };
		4F0282E929D56E920004C290 /* PlayerBindingView.swift */ = {isa = PBXFileReference; lastKnownFileType = sourcecode.swift; path = PlayerBindingView.swift; sourceTree = "<group>"; };
		4F0282EB29D56EE60004C290 /* PlayerNameBindingView.swift */ = {isa = PBXFileReference; lastKnownFileType = sourcecode.swift; path = PlayerNameBindingView.swift; sourceTree = "<group>"; };
		4F0282EE29D570BE0004C290 /* BankAccount.swift */ = {isa = PBXFileReference; lastKnownFileType = sourcecode.swift; path = BankAccount.swift; sourceTree = "<group>"; };
		4F0282F029D571040004C290 /* BankSummaryView.swift */ = {isa = PBXFileReference; lastKnownFileType = sourcecode.swift; path = BankSummaryView.swift; sourceTree = "<group>"; };
		4F0282F229D571100004C290 /* BankBalanceView.swift */ = {isa = PBXFileReference; lastKnownFileType = sourcecode.swift; path = BankBalanceView.swift; sourceTree = "<group>"; };
		4F0282F529D5726B0004C290 /* DashboardView.swift */ = {isa = PBXFileReference; lastKnownFileType = sourcecode.swift; path = DashboardView.swift; sourceTree = "<group>"; };
		4F0282F729D572C30004C290 /* BankUserNameView.swift */ = {isa = PBXFileReference; lastKnownFileType = sourcecode.swift; path = BankUserNameView.swift; sourceTree = "<group>"; };
/* End PBXFileReference section */

/* Begin PBXFrameworksBuildPhase section */
		4F0282B829D56DEE0004C290 /* Frameworks */ = {
			isa = PBXFrameworksBuildPhase;
			buildActionMask = 2147483647;
			files = (
			);
			runOnlyForDeploymentPostprocessing = 0;
		};
		4F0282C829D56DEF0004C290 /* Frameworks */ = {
			isa = PBXFrameworksBuildPhase;
			buildActionMask = 2147483647;
			files = (
			);
			runOnlyForDeploymentPostprocessing = 0;
		};
		4F0282D229D56DEF0004C290 /* Frameworks */ = {
			isa = PBXFrameworksBuildPhase;
			buildActionMask = 2147483647;
			files = (
			);
			runOnlyForDeploymentPostprocessing = 0;
		};
/* End PBXFrameworksBuildPhase section */

/* Begin PBXGroup section */
		4F0282B229D56DEE0004C290 = {
			isa = PBXGroup;
			children = (
				4F0282BD29D56DEE0004C290 /* SwiftUI_DataFlow_ */,
				4F0282CE29D56DEF0004C290 /* SwiftUI_DataFlow_Tests */,
				4F0282D829D56DEF0004C290 /* SwiftUI_DataFlow_UITests */,
				4F0282BC29D56DEE0004C290 /* Products */,
			);
			sourceTree = "<group>";
		};
		4F0282BC29D56DEE0004C290 /* Products */ = {
			isa = PBXGroup;
			children = (
				4F0282BB29D56DEE0004C290 /* SwiftUI_DataFlow_.app */,
				4F0282CB29D56DEF0004C290 /* SwiftUI_DataFlow_Tests.xctest */,
				4F0282D529D56DEF0004C290 /* SwiftUI_DataFlow_UITests.xctest */,
			);
			name = Products;
			sourceTree = "<group>";
		};
		4F0282BD29D56DEE0004C290 /* SwiftUI_DataFlow_ */ = {
			isa = PBXGroup;
			children = (
				4F0282BE29D56DEE0004C290 /* SwiftUI_DataFlow_App.swift */,
				4F0282E829D56DF80004C290 /* State&Binding */,
				4F0282ED29D56FB00004C290 /* ObservableObject */,
				4F0282F429D5723B0004C290 /* EnvironmentalObject */,
				4F0282C229D56DEF0004C290 /* Assets.xcassets */,
				4F0282C429D56DEF0004C290 /* Preview Content */,
			);
			path = SwiftUI_DataFlow_;
			sourceTree = "<group>";
		};
		4F0282C429D56DEF0004C290 /* Preview Content */ = {
			isa = PBXGroup;
			children = (
				4F0282C529D56DEF0004C290 /* Preview Assets.xcassets */,
			);
			path = "Preview Content";
			sourceTree = "<group>";
		};
		4F0282CE29D56DEF0004C290 /* SwiftUI_DataFlow_Tests */ = {
			isa = PBXGroup;
			children = (
				4F0282CF29D56DEF0004C290 /* SwiftUI_DataFlow_Tests.swift */,
			);
			path = SwiftUI_DataFlow_Tests;
			sourceTree = "<group>";
		};
		4F0282D829D56DEF0004C290 /* SwiftUI_DataFlow_UITests */ = {
			isa = PBXGroup;
			children = (
				4F0282D929D56DEF0004C290 /* SwiftUI_DataFlow_UITests.swift */,
				4F0282DB29D56DEF0004C290 /* SwiftUI_DataFlow_UITestsLaunchTests.swift */,
			);
			path = SwiftUI_DataFlow_UITests;
			sourceTree = "<group>";
		};
		4F0282E829D56DF80004C290 /* State&Binding */ = {
			isa = PBXGroup;
			children = (
				4F0282C029D56DEE0004C290 /* PlayerStateView.swift */,
				4F0282E929D56E920004C290 /* PlayerBindingView.swift */,
				4F0282EB29D56EE60004C290 /* PlayerNameBindingView.swift */,
			);
			path = "State&Binding";
			sourceTree = "<group>";
		};
		4F0282ED29D56FB00004C290 /* ObservableObject */ = {
			isa = PBXGroup;
			children = (
				4F0282EE29D570BE0004C290 /* BankAccount.swift */,
				4F0282F029D571040004C290 /* BankSummaryView.swift */,
			);
			path = ObservableObject;
			sourceTree = "<group>";
		};
		4F0282F429D5723B0004C290 /* EnvironmentalObject */ = {
			isa = PBXGroup;
			children = (
				4F0282F529D5726B0004C290 /* DashboardView.swift */,
				4F0282F229D571100004C290 /* BankBalanceView.swift */,
				4F0282F729D572C30004C290 /* BankUserNameView.swift */,
			);
			path = EnvironmentalObject;
			sourceTree = "<group>";
		};
/* End PBXGroup section */

/* Begin PBXNativeTarget section */
		4F0282BA29D56DEE0004C290 /* SwiftUI_DataFlow_ */ = {
			isa = PBXNativeTarget;
			buildConfigurationList = 4F0282DF29D56DEF0004C290 /* Build configuration list for PBXNativeTarget "SwiftUI_DataFlow_" */;
			buildPhases = (
				4F0282B729D56DEE0004C290 /* Sources */,
				4F0282B829D56DEE0004C290 /* Frameworks */,
				4F0282B929D56DEE0004C290 /* Resources */,
			);
			buildRules = (
			);
			dependencies = (
			);
			name = SwiftUI_DataFlow_;
			productName = SwiftUI_DataFlow_;
			productReference = 4F0282BB29D56DEE0004C290 /* SwiftUI_DataFlow_.app */;
			productType = "com.apple.product-type.application";
		};
		4F0282CA29D56DEF0004C290 /* SwiftUI_DataFlow_Tests */ = {
			isa = PBXNativeTarget;
			buildConfigurationList = 4F0282E229D56DEF0004C290 /* Build configuration list for PBXNativeTarget "SwiftUI_DataFlow_Tests" */;
			buildPhases = (
				4F0282C729D56DEF0004C290 /* Sources */,
				4F0282C829D56DEF0004C290 /* Frameworks */,
				4F0282C929D56DEF0004C290 /* Resources */,
			);
			buildRules = (
			);
			dependencies = (
				4F0282CD29D56DEF0004C290 /* PBXTargetDependency */,
			);
			name = SwiftUI_DataFlow_Tests;
			productName = SwiftUI_DataFlow_Tests;
			productReference = 4F0282CB29D56DEF0004C290 /* SwiftUI_DataFlow_Tests.xctest */;
			productType = "com.apple.product-type.bundle.unit-test";
		};
		4F0282D429D56DEF0004C290 /* SwiftUI_DataFlow_UITests */ = {
			isa = PBXNativeTarget;
			buildConfigurationList = 4F0282E529D56DEF0004C290 /* Build configuration list for PBXNativeTarget "SwiftUI_DataFlow_UITests" */;
			buildPhases = (
				4F0282D129D56DEF0004C290 /* Sources */,
				4F0282D229D56DEF0004C290 /* Frameworks */,
				4F0282D329D56DEF0004C290 /* Resources */,
			);
			buildRules = (
			);
			dependencies = (
				4F0282D729D56DEF0004C290 /* PBXTargetDependency */,
			);
			name = SwiftUI_DataFlow_UITests;
			productName = SwiftUI_DataFlow_UITests;
			productReference = 4F0282D529D56DEF0004C290 /* SwiftUI_DataFlow_UITests.xctest */;
			productType = "com.apple.product-type.bundle.ui-testing";
		};
/* End PBXNativeTarget section */

/* Begin PBXProject section */
		4F0282B329D56DEE0004C290 /* Project object */ = {
			isa = PBXProject;
			attributes = {
				BuildIndependentTargetsInParallel = 1;
				LastSwiftUpdateCheck = 1420;
				LastUpgradeCheck = 1420;
				TargetAttributes = {
					4F0282BA29D56DEE0004C290 = {
						CreatedOnToolsVersion = 14.2;
					};
					4F0282CA29D56DEF0004C290 = {
						CreatedOnToolsVersion = 14.2;
						TestTargetID = 4F0282BA29D56DEE0004C290;
					};
					4F0282D429D56DEF0004C290 = {
						CreatedOnToolsVersion = 14.2;
						TestTargetID = 4F0282BA29D56DEE0004C290;
					};
				};
			};
			buildConfigurationList = 4F0282B629D56DEE0004C290 /* Build configuration list for PBXProject "SwiftUI_DataFlow_" */;
			compatibilityVersion = "Xcode 14.0";
			developmentRegion = en;
			hasScannedForEncodings = 0;
			knownRegions = (
				en,
				Base,
			);
			mainGroup = 4F0282B229D56DEE0004C290;
			productRefGroup = 4F0282BC29D56DEE0004C290 /* Products */;
			projectDirPath = "";
			projectRoot = "";
			targets = (
				4F0282BA29D56DEE0004C290 /* SwiftUI_DataFlow_ */,
				4F0282CA29D56DEF0004C290 /* SwiftUI_DataFlow_Tests */,
				4F0282D429D56DEF0004C290 /* SwiftUI_DataFlow_UITests */,
			);
		};
/* End PBXProject section */

/* Begin PBXResourcesBuildPhase section */
		4F0282B929D56DEE0004C290 /* Resources */ = {
			isa = PBXResourcesBuildPhase;
			buildActionMask = 2147483647;
			files = (
				4F0282C629D56DEF0004C290 /* Preview Assets.xcassets in Resources */,
				4F0282C329D56DEF0004C290 /* Assets.xcassets in Resources */,
			);
			runOnlyForDeploymentPostprocessing = 0;
		};
		4F0282C929D56DEF0004C290 /* Resources */ = {
			isa = PBXResourcesBuildPhase;
			buildActionMask = 2147483647;
			files = (
			);
			runOnlyForDeploymentPostprocessing = 0;
		};
		4F0282D329D56DEF0004C290 /* Resources */ = {
			isa = PBXResourcesBuildPhase;
			buildActionMask = 2147483647;
			files = (
			);
			runOnlyForDeploymentPostprocessing = 0;
		};
/* End PBXResourcesBuildPhase section */

/* Begin PBXSourcesBuildPhase section */
		4F0282B729D56DEE0004C290 /* Sources */ = {
			isa = PBXSourcesBuildPhase;
			buildActionMask = 2147483647;
			files = (
				4F0282EA29D56E920004C290 /* PlayerBindingView.swift in Sources */,
				4F0282F629D5726B0004C290 /* DashboardView.swift in Sources */,
				4F0282C129D56DEE0004C290 /* PlayerStateView.swift in Sources */,
				4F0282EF29D570BE0004C290 /* BankAccount.swift in Sources */,
				4F0282F129D571040004C290 /* BankSummaryView.swift in Sources */,
				4F0282F329D571100004C290 /* BankBalanceView.swift in Sources */,
				4F0282EC29D56EE60004C290 /* PlayerNameBindingView.swift in Sources */,
				4F0282F829D572C30004C290 /* BankUserNameView.swift in Sources */,
				4F0282BF29D56DEE0004C290 /* SwiftUI_DataFlow_App.swift in Sources */,
			);
			runOnlyForDeploymentPostprocessing = 0;
		};
		4F0282C729D56DEF0004C290 /* Sources */ = {
			isa = PBXSourcesBuildPhase;
			buildActionMask = 2147483647;
			files = (
				4F0282D029D56DEF0004C290 /* SwiftUI_DataFlow_Tests.swift in Sources */,
			);
			runOnlyForDeploymentPostprocessing = 0;
		};
		4F0282D129D56DEF0004C290 /* Sources */ = {
			isa = PBXSourcesBuildPhase;
			buildActionMask = 2147483647;
			files = (
				4F0282DC29D56DEF0004C290 /* SwiftUI_DataFlow_UITestsLaunchTests.swift in Sources */,
				4F0282DA29D56DEF0004C290 /* SwiftUI_DataFlow_UITests.swift in Sources */,
			);
			runOnlyForDeploymentPostprocessing = 0;
		};
/* End PBXSourcesBuildPhase section */

/* Begin PBXTargetDependency section */
		4F0282CD29D56DEF0004C290 /* PBXTargetDependency */ = {
			isa = PBXTargetDependency;
			target = 4F0282BA29D56DEE0004C290 /* SwiftUI_DataFlow_ */;
			targetProxy = 4F0282CC29D56DEF0004C290 /* PBXContainerItemProxy */;
		};
		4F0282D729D56DEF0004C290 /* PBXTargetDependency */ = {
			isa = PBXTargetDependency;
			target = 4F0282BA29D56DEE0004C290 /* SwiftUI_DataFlow_ */;
			targetProxy = 4F0282D629D56DEF0004C290 /* PBXContainerItemProxy */;
		};
/* End PBXTargetDependency section */

/* Begin XCBuildConfiguration section */
		4F0282DD29D56DEF0004C290 /* Debug */ = {
			isa = XCBuildConfiguration;
			buildSettings = {
				ALWAYS_SEARCH_USER_PATHS = NO;
				CLANG_ANALYZER_NONNULL = YES;
				CLANG_ANALYZER_NUMBER_OBJECT_CONVERSION = YES_AGGRESSIVE;
				CLANG_CXX_LANGUAGE_STANDARD = "gnu++20";
				CLANG_ENABLE_MODULES = YES;
				CLANG_ENABLE_OBJC_ARC = YES;
				CLANG_ENABLE_OBJC_WEAK = YES;
				CLANG_WARN_BLOCK_CAPTURE_AUTORELEASING = YES;
				CLANG_WARN_BOOL_CONVERSION = YES;
				CLANG_WARN_COMMA = YES;
				CLANG_WARN_CONSTANT_CONVERSION = YES;
				CLANG_WARN_DEPRECATED_OBJC_IMPLEMENTATIONS = YES;
				CLANG_WARN_DIRECT_OBJC_ISA_USAGE = YES_ERROR;
				CLANG_WARN_DOCUMENTATION_COMMENTS = YES;
				CLANG_WARN_EMPTY_BODY = YES;
				CLANG_WARN_ENUM_CONVERSION = YES;
				CLANG_WARN_INFINITE_RECURSION = YES;
				CLANG_WARN_INT_CONVERSION = YES;
				CLANG_WARN_NON_LITERAL_NULL_CONVERSION = YES;
				CLANG_WARN_OBJC_IMPLICIT_RETAIN_SELF = YES;
				CLANG_WARN_OBJC_LITERAL_CONVERSION = YES;
				CLANG_WARN_OBJC_ROOT_CLASS = YES_ERROR;
				CLANG_WARN_QUOTED_INCLUDE_IN_FRAMEWORK_HEADER = YES;
				CLANG_WARN_RANGE_LOOP_ANALYSIS = YES;
				CLANG_WARN_STRICT_PROTOTYPES = YES;
				CLANG_WARN_SUSPICIOUS_MOVE = YES;
				CLANG_WARN_UNGUARDED_AVAILABILITY = YES_AGGRESSIVE;
				CLANG_WARN_UNREACHABLE_CODE = YES;
				CLANG_WARN__DUPLICATE_METHOD_MATCH = YES;
				COPY_PHASE_STRIP = NO;
				DEBUG_INFORMATION_FORMAT = dwarf;
				ENABLE_STRICT_OBJC_MSGSEND = YES;
				ENABLE_TESTABILITY = YES;
				GCC_C_LANGUAGE_STANDARD = gnu11;
				GCC_DYNAMIC_NO_PIC = NO;
				GCC_NO_COMMON_BLOCKS = YES;
				GCC_OPTIMIZATION_LEVEL = 0;
				GCC_PREPROCESSOR_DEFINITIONS = (
					"DEBUG=1",
					"$(inherited)",
				);
				GCC_WARN_64_TO_32_BIT_CONVERSION = YES;
				GCC_WARN_ABOUT_RETURN_TYPE = YES_ERROR;
				GCC_WARN_UNDECLARED_SELECTOR = YES;
				GCC_WARN_UNINITIALIZED_AUTOS = YES_AGGRESSIVE;
				GCC_WARN_UNUSED_FUNCTION = YES;
				GCC_WARN_UNUSED_VARIABLE = YES;
				IPHONEOS_DEPLOYMENT_TARGET = 16.2;
				MTL_ENABLE_DEBUG_INFO = INCLUDE_SOURCE;
				MTL_FAST_MATH = YES;
				ONLY_ACTIVE_ARCH = YES;
				SDKROOT = iphoneos;
				SWIFT_ACTIVE_COMPILATION_CONDITIONS = DEBUG;
				SWIFT_OPTIMIZATION_LEVEL = "-Onone";
			};
			name = Debug;
		};
		4F0282DE29D56DEF0004C290 /* Release */ = {
			isa = XCBuildConfiguration;
			buildSettings = {
				ALWAYS_SEARCH_USER_PATHS = NO;
				CLANG_ANALYZER_NONNULL = YES;
				CLANG_ANALYZER_NUMBER_OBJECT_CONVERSION = YES_AGGRESSIVE;
				CLANG_CXX_LANGUAGE_STANDARD = "gnu++20";
				CLANG_ENABLE_MODULES = YES;
				CLANG_ENABLE_OBJC_ARC = YES;
				CLANG_ENABLE_OBJC_WEAK = YES;
				CLANG_WARN_BLOCK_CAPTURE_AUTORELEASING = YES;
				CLANG_WARN_BOOL_CONVERSION = YES;
				CLANG_WARN_COMMA = YES;
				CLANG_WARN_CONSTANT_CONVERSION = YES;
				CLANG_WARN_DEPRECATED_OBJC_IMPLEMENTATIONS = YES;
				CLANG_WARN_DIRECT_OBJC_ISA_USAGE = YES_ERROR;
				CLANG_WARN_DOCUMENTATION_COMMENTS = YES;
				CLANG_WARN_EMPTY_BODY = YES;
				CLANG_WARN_ENUM_CONVERSION = YES;
				CLANG_WARN_INFINITE_RECURSION = YES;
				CLANG_WARN_INT_CONVERSION = YES;
				CLANG_WARN_NON_LITERAL_NULL_CONVERSION = YES;
				CLANG_WARN_OBJC_IMPLICIT_RETAIN_SELF = YES;
				CLANG_WARN_OBJC_LITERAL_CONVERSION = YES;
				CLANG_WARN_OBJC_ROOT_CLASS = YES_ERROR;
				CLANG_WARN_QUOTED_INCLUDE_IN_FRAMEWORK_HEADER = YES;
				CLANG_WARN_RANGE_LOOP_ANALYSIS = YES;
				CLANG_WARN_STRICT_PROTOTYPES = YES;
				CLANG_WARN_SUSPICIOUS_MOVE = YES;
				CLANG_WARN_UNGUARDED_AVAILABILITY = YES_AGGRESSIVE;
				CLANG_WARN_UNREACHABLE_CODE = YES;
				CLANG_WARN__DUPLICATE_METHOD_MATCH = YES;
				COPY_PHASE_STRIP = NO;
				DEBUG_INFORMATION_FORMAT = "dwarf-with-dsym";
				ENABLE_NS_ASSERTIONS = NO;
				ENABLE_STRICT_OBJC_MSGSEND = YES;
				GCC_C_LANGUAGE_STANDARD = gnu11;
				GCC_NO_COMMON_BLOCKS = YES;
				GCC_WARN_64_TO_32_BIT_CONVERSION = YES;
				GCC_WARN_ABOUT_RETURN_TYPE = YES_ERROR;
				GCC_WARN_UNDECLARED_SELECTOR = YES;
				GCC_WARN_UNINITIALIZED_AUTOS = YES_AGGRESSIVE;
				GCC_WARN_UNUSED_FUNCTION = YES;
				GCC_WARN_UNUSED_VARIABLE = YES;
				IPHONEOS_DEPLOYMENT_TARGET = 16.2;
				MTL_ENABLE_DEBUG_INFO = NO;
				MTL_FAST_MATH = YES;
				SDKROOT = iphoneos;
				SWIFT_COMPILATION_MODE = wholemodule;
				SWIFT_OPTIMIZATION_LEVEL = "-O";
				VALIDATE_PRODUCT = YES;
			};
			name = Release;
		};
		4F0282E029D56DEF0004C290 /* Debug */ = {
			isa = XCBuildConfiguration;
			buildSettings = {
				ASSETCATALOG_COMPILER_APPICON_NAME = AppIcon;
				ASSETCATALOG_COMPILER_GLOBAL_ACCENT_COLOR_NAME = AccentColor;
				CODE_SIGN_STYLE = Automatic;
				CURRENT_PROJECT_VERSION = 1;
				DEVELOPMENT_ASSET_PATHS = "\"SwiftUI_DataFlow_/Preview Content\"";
				DEVELOPMENT_TEAM = 925LD6VDN2;
				ENABLE_PREVIEWS = YES;
				GENERATE_INFOPLIST_FILE = YES;
				INFOPLIST_KEY_UIApplicationSceneManifest_Generation = YES;
				INFOPLIST_KEY_UIApplicationSupportsIndirectInputEvents = YES;
				INFOPLIST_KEY_UILaunchScreen_Generation = YES;
				INFOPLIST_KEY_UISupportedInterfaceOrientations_iPad = "UIInterfaceOrientationPortrait UIInterfaceOrientationPortraitUpsideDown UIInterfaceOrientationLandscapeLeft UIInterfaceOrientationLandscapeRight";
				INFOPLIST_KEY_UISupportedInterfaceOrientations_iPhone = "UIInterfaceOrientationPortrait UIInterfaceOrientationLandscapeLeft UIInterfaceOrientationLandscapeRight";
				IPHONEOS_DEPLOYMENT_TARGET = 14.0;
				LD_RUNPATH_SEARCH_PATHS = (
					"$(inherited)",
					"@executable_path/Frameworks",
				);
				MARKETING_VERSION = 1.0;
				PRODUCT_BUNDLE_IDENTIFIER = "com.bnh.SwiftUI-DataFlow-";
				PRODUCT_NAME = "$(TARGET_NAME)";
				SWIFT_EMIT_LOC_STRINGS = YES;
				SWIFT_VERSION = 5.0;
				TARGETED_DEVICE_FAMILY = "1,2";
			};
			name = Debug;
		};
		4F0282E129D56DEF0004C290 /* Release */ = {
			isa = XCBuildConfiguration;
			buildSettings = {
				ASSETCATALOG_COMPILER_APPICON_NAME = AppIcon;
				ASSETCATALOG_COMPILER_GLOBAL_ACCENT_COLOR_NAME = AccentColor;
				CODE_SIGN_STYLE = Automatic;
				CURRENT_PROJECT_VERSION = 1;
				DEVELOPMENT_ASSET_PATHS = "\"SwiftUI_DataFlow_/Preview Content\"";
				DEVELOPMENT_TEAM = 925LD6VDN2;
				ENABLE_PREVIEWS = YES;
				GENERATE_INFOPLIST_FILE = YES;
				INFOPLIST_KEY_UIApplicationSceneManifest_Generation = YES;
				INFOPLIST_KEY_UIApplicationSupportsIndirectInputEvents = YES;
				INFOPLIST_KEY_UILaunchScreen_Generation = YES;
				INFOPLIST_KEY_UISupportedInterfaceOrientations_iPad = "UIInterfaceOrientationPortrait UIInterfaceOrientationPortraitUpsideDown UIInterfaceOrientationLandscapeLeft UIInterfaceOrientationLandscapeRight";
				INFOPLIST_KEY_UISupportedInterfaceOrientations_iPhone = "UIInterfaceOrientationPortrait UIInterfaceOrientationLandscapeLeft UIInterfaceOrientationLandscapeRight";
				IPHONEOS_DEPLOYMENT_TARGET = 14.0;
				LD_RUNPATH_SEARCH_PATHS = (
					"$(inherited)",
					"@executable_path/Frameworks",
				);
				MARKETING_VERSION = 1.0;
				PRODUCT_BUNDLE_IDENTIFIER = "com.bnh.SwiftUI-DataFlow-";
				PRODUCT_NAME = "$(TARGET_NAME)";
				SWIFT_EMIT_LOC_STRINGS = YES;
				SWIFT_VERSION = 5.0;
				TARGETED_DEVICE_FAMILY = "1,2";
			};
			name = Release;
		};
		4F0282E329D56DEF0004C290 /* Debug */ = {
			isa = XCBuildConfiguration;
			buildSettings = {
				ALWAYS_EMBED_SWIFT_STANDARD_LIBRARIES = YES;
				BUNDLE_LOADER = "$(TEST_HOST)";
				CODE_SIGN_STYLE = Automatic;
				CURRENT_PROJECT_VERSION = 1;
				DEVELOPMENT_TEAM = 925LD6VDN2;
				GENERATE_INFOPLIST_FILE = YES;
				IPHONEOS_DEPLOYMENT_TARGET = 16.2;
				MARKETING_VERSION = 1.0;
				PRODUCT_BUNDLE_IDENTIFIER = "com.bnh.SwiftUI-DataFlow-Tests";
				PRODUCT_NAME = "$(TARGET_NAME)";
				SWIFT_EMIT_LOC_STRINGS = NO;
				SWIFT_VERSION = 5.0;
				TARGETED_DEVICE_FAMILY = "1,2";
				TEST_HOST = "$(BUILT_PRODUCTS_DIR)/SwiftUI_DataFlow_.app/$(BUNDLE_EXECUTABLE_FOLDER_PATH)/SwiftUI_DataFlow_";
			};
			name = Debug;
		};
		4F0282E429D56DEF0004C290 /* Release */ = {
			isa = XCBuildConfiguration;
			buildSettings = {
				ALWAYS_EMBED_SWIFT_STANDARD_LIBRARIES = YES;
				BUNDLE_LOADER = "$(TEST_HOST)";
				CODE_SIGN_STYLE = Automatic;
				CURRENT_PROJECT_VERSION = 1;
				DEVELOPMENT_TEAM = 925LD6VDN2;
				GENERATE_INFOPLIST_FILE = YES;
				IPHONEOS_DEPLOYMENT_TARGET = 16.2;
				MARKETING_VERSION = 1.0;
				PRODUCT_BUNDLE_IDENTIFIER = "com.bnh.SwiftUI-DataFlow-Tests";
				PRODUCT_NAME = "$(TARGET_NAME)";
				SWIFT_EMIT_LOC_STRINGS = NO;
				SWIFT_VERSION = 5.0;
				TARGETED_DEVICE_FAMILY = "1,2";
				TEST_HOST = "$(BUILT_PRODUCTS_DIR)/SwiftUI_DataFlow_.app/$(BUNDLE_EXECUTABLE_FOLDER_PATH)/SwiftUI_DataFlow_";
			};
			name = Release;
		};
		4F0282E629D56DEF0004C290 /* Debug */ = {
			isa = XCBuildConfiguration;
			buildSettings = {
				ALWAYS_EMBED_SWIFT_STANDARD_LIBRARIES = YES;
				CODE_SIGN_STYLE = Automatic;
				CURRENT_PROJECT_VERSION = 1;
				DEVELOPMENT_TEAM = 925LD6VDN2;
				GENERATE_INFOPLIST_FILE = YES;
				MARKETING_VERSION = 1.0;
				PRODUCT_BUNDLE_IDENTIFIER = "com.bnh.SwiftUI-DataFlow-UITests";
				PRODUCT_NAME = "$(TARGET_NAME)";
				SWIFT_EMIT_LOC_STRINGS = NO;
				SWIFT_VERSION = 5.0;
				TARGETED_DEVICE_FAMILY = "1,2";
				TEST_TARGET_NAME = SwiftUI_DataFlow_;
			};
			name = Debug;
		};
		4F0282E729D56DEF0004C290 /* Release */ = {
			isa = XCBuildConfiguration;
			buildSettings = {
				ALWAYS_EMBED_SWIFT_STANDARD_LIBRARIES = YES;
				CODE_SIGN_STYLE = Automatic;
				CURRENT_PROJECT_VERSION = 1;
				DEVELOPMENT_TEAM = 925LD6VDN2;
				GENERATE_INFOPLIST_FILE = YES;
				MARKETING_VERSION = 1.0;
				PRODUCT_BUNDLE_IDENTIFIER = "com.bnh.SwiftUI-DataFlow-UITests";
				PRODUCT_NAME = "$(TARGET_NAME)";
				SWIFT_EMIT_LOC_STRINGS = NO;
				SWIFT_VERSION = 5.0;
				TARGETED_DEVICE_FAMILY = "1,2";
				TEST_TARGET_NAME = SwiftUI_DataFlow_;
			};
			name = Release;
		};
/* End XCBuildConfiguration section */

/* Begin XCConfigurationList section */
		4F0282B629D56DEE0004C290 /* Build configuration list for PBXProject "SwiftUI_DataFlow_" */ = {
			isa = XCConfigurationList;
			buildConfigurations = (
				4F0282DD29D56DEF0004C290 /* Debug */,
				4F0282DE29D56DEF0004C290 /* Release */,
			);
			defaultConfigurationIsVisible = 0;
			defaultConfigurationName = Release;
		};
		4F0282DF29D56DEF0004C290 /* Build configuration list for PBXNativeTarget "SwiftUI_DataFlow_" */ = {
			isa = XCConfigurationList;
			buildConfigurations = (
				4F0282E029D56DEF0004C290 /* Debug */,
				4F0282E129D56DEF0004C290 /* Release */,
			);
			defaultConfigurationIsVisible = 0;
			defaultConfigurationName = Release;
		};
		4F0282E229D56DEF0004C290 /* Build configuration list for PBXNativeTarget "SwiftUI_DataFlow_Tests" */ = {
			isa = XCConfigurationList;
			buildConfigurations = (
				4F0282E329D56DEF0004C290 /* Debug */,
				4F0282E429D56DEF0004C290 /* Release */,
			);
			defaultConfigurationIsVisible = 0;
			defaultConfigurationName = Release;
		};
		4F0282E529D56DEF0004C290 /* Build configuration list for PBXNativeTarget "SwiftUI_DataFlow_UITests" */ = {
			isa = XCConfigurationList;
			buildConfigurations = (
				4F0282E629D56DEF0004C290 /* Debug */,
				4F0282E729D56DEF0004C290 /* Release */,
			);
			defaultConfigurationIsVisible = 0;
			defaultConfigurationName = Release;
		};
/* End XCConfigurationList section */
	};
	rootObject = 4F0282B329D56DEE0004C290 /* Project object */;
}
